// !$*UTF8*$!
{
	archiveVersion = 1;
	classes = {
	};
	objectVersion = 56;
	objects = {

/* Begin PBXBuildFile section */
		B101 /* UsageMenuBarApp.swift in Sources */ = {isa = PBXBuildFile; fileRef = F101 /* UsageMenuBarApp.swift */; };
		B102 /* AppError.swift in Sources */ = {isa = PBXBuildFile; fileRef = F102 /* AppError.swift */; };
		B103 /* UsageSnapshot.swift in Sources */ = {isa = PBXBuildFile; fileRef = F103 /* UsageSnapshot.swift */; };
		B104 /* UsageStats.swift in Sources */ = {isa = PBXBuildFile; fileRef = F104 /* UsageStats.swift */; };
		B105 /* UsageProvider.swift in Sources */ = {isa = PBXBuildFile; fileRef = F105 /* UsageProvider.swift */; };
		B106 /* CursorAuthReader.swift in Sources */ = {isa = PBXBuildFile; fileRef = F106 /* CursorAuthReader.swift */; };
		B107 /* CursorAPIClient.swift in Sources */ = {isa = PBXBuildFile; fileRef = F107 /* CursorAPIClient.swift */; };
		B108 /* CursorModels.swift in Sources */ = {isa = PBXBuildFile; fileRef = F108 /* CursorModels.swift */; };
		B109 /* CursorUsageMapper.swift in Sources */ = {isa = PBXBuildFile; fileRef = F109 /* CursorUsageMapper.swift */; };
		B110 /* CursorUsageProvider.swift in Sources */ = {isa = PBXBuildFile; fileRef = F110 /* CursorUsageProvider.swift */; };
		B111 /* UsageHistoryStore.swift in Sources */ = {isa = PBXBuildFile; fileRef = F111 /* UsageHistoryStore.swift */; };
		B112 /* UsageAnalytics.swift in Sources */ = {isa = PBXBuildFile; fileRef = F112 /* UsageAnalytics.swift */; };
		B113 /* RefreshService.swift in Sources */ = {isa = PBXBuildFile; fileRef = F113 /* RefreshService.swift */; };
		B114 /* MenuBarView.swift in Sources */ = {isa = PBXBuildFile; fileRef = F114 /* MenuBarView.swift */; };
		B115 /* ProviderUsageView.swift in Sources */ = {isa = PBXBuildFile; fileRef = F115 /* ProviderUsageView.swift */; };
		B116 /* SettingsView.swift in Sources */ = {isa = PBXBuildFile; fileRef = F116 /* SettingsView.swift */; };
		B117 /* HTTPClient.swift in Sources */ = {isa = PBXBuildFile; fileRef = F117 /* HTTPClient.swift */; };
		B118 /* SQLiteReadonly.swift in Sources */ = {isa = PBXBuildFile; fileRef = F118 /* SQLiteReadonly.swift */; };
		B120 /* JWTAccessToken.swift in Sources */ = {isa = PBXBuildFile; fileRef = F120 /* JWTAccessToken.swift */; };
		B121 /* ISO8601Timestamp.swift in Sources */ = {isa = PBXBuildFile; fileRef = F121 /* ISO8601Timestamp.swift */; };
		B122 /* GrokAuthReader.swift in Sources */ = {isa = PBXBuildFile; fileRef = F122 /* GrokAuthReader.swift */; };
		B123 /* GrokAPIClient.swift in Sources */ = {isa = PBXBuildFile; fileRef = F123 /* GrokAPIClient.swift */; };
		B124 /* GrokModels.swift in Sources */ = {isa = PBXBuildFile; fileRef = F124 /* GrokModels.swift */; };
		B125 /* GrokUsageMapper.swift in Sources */ = {isa = PBXBuildFile; fileRef = F125 /* GrokUsageMapper.swift */; };
		B126 /* GrokUsageProvider.swift in Sources */ = {isa = PBXBuildFile; fileRef = F126 /* GrokUsageProvider.swift */; };
		B127 /* GrokBotAPIClient.swift in Sources */ = {isa = PBXBuildFile; fileRef = F127 /* GrokBotAPIClient.swift */; };
		B128 /* GrokBotModels.swift in Sources */ = {isa = PBXBuildFile; fileRef = F128 /* GrokBotModels.swift */; };
		B129 /* GrokBotUsageMapper.swift in Sources */ = {isa = PBXBuildFile; fileRef = F129 /* GrokBotUsageMapper.swift */; };
		B130 /* AppLanguage.swift in Sources */ = {isa = PBXBuildFile; fileRef = F130 /* AppLanguage.swift */; };
		B131 /* LanguageSettings.swift in Sources */ = {isa = PBXBuildFile; fileRef = F131 /* LanguageSettings.swift */; };
		B132 /* AppLocalization.swift in Sources */ = {isa = PBXBuildFile; fileRef = F132 /* AppLocalization.swift */; };
		B220 /* Localizable.xcstrings in Resources */ = {isa = PBXBuildFile; fileRef = F133 /* Localizable.xcstrings */; };
		B221 /* Localizable.xcstrings in Test Resources */ = {isa = PBXBuildFile; fileRef = F133 /* Localizable.xcstrings */; };
		B222 /* AppLanguageTests.swift in Sources */ = {isa = PBXBuildFile; fileRef = F220 /* AppLanguageTests.swift */; };
		B201 /* CursorAuthReaderTests.swift in Sources */ = {isa = PBXBuildFile; fileRef = F201 /* CursorAuthReaderTests.swift */; };
		B202 /* RefreshServiceTests.swift in Sources */ = {isa = PBXBuildFile; fileRef = F202 /* RefreshServiceTests.swift */; };
		B203 /* HTTPClientAllowlistTests.swift in Sources */ = {isa = PBXBuildFile; fileRef = F203 /* HTTPClientAllowlistTests.swift */; };
		B204 /* CursorMapperTests.swift in Sources */ = {isa = PBXBuildFile; fileRef = F204 /* CursorMapperTests.swift */; };
		B205 /* usage-summary-pro-plus.json in Resources */ = {isa = PBXBuildFile; fileRef = F205 /* usage-summary-pro-plus.json */; };
		B206 /* UsageSnapshotTests.swift in Sources */ = {isa = PBXBuildFile; fileRef = F206 /* UsageSnapshotTests.swift */; };
		B207 /* HistoryStoreTests.swift in Sources */ = {isa = PBXBuildFile; fileRef = F207 /* HistoryStoreTests.swift */; };
		B208 /* UsageAnalyticsTests.swift in Sources */ = {isa = PBXBuildFile; fileRef = F208 /* UsageAnalyticsTests.swift */; };
		B209 /* CursorAPIClientTests.swift in Sources */ = {isa = PBXBuildFile; fileRef = F209 /* CursorAPIClientTests.swift */; };
		B210 /* GrokAuthReaderTests.swift in Sources */ = {isa = PBXBuildFile; fileRef = F210 /* GrokAuthReaderTests.swift */; };
		B211 /* GrokMapperTests.swift in Sources */ = {isa = PBXBuildFile; fileRef = F211 /* GrokMapperTests.swift */; };
		B212 /* GrokAPIClientTests.swift in Sources */ = {isa = PBXBuildFile; fileRef = F212 /* GrokAPIClientTests.swift */; };
		B213 /* billing-credits-weekly.json in Resources */ = {isa = PBXBuildFile; fileRef = F213 /* billing-credits-weekly.json */; };
		B214 /* sand-usage-status-subscribed.json in Resources */ = {isa = PBXBuildFile; fileRef = F214 /* sand-usage-status-subscribed.json */; };
		B215 /* GrokBotMapperTests.swift in Sources */ = {isa = PBXBuildFile; fileRef = F215 /* GrokBotMapperTests.swift */; };
		B216 /* GrokBotAPIClientTests.swift in Sources */ = {isa = PBXBuildFile; fileRef = F216 /* GrokBotAPIClientTests.swift */; };
		B217 /* CursorUsageProviderTests.swift in Sources */ = {isa = PBXBuildFile; fileRef = F217 /* CursorUsageProviderTests.swift */; };
		B218 /* FixturePrivacyTests.swift in Sources */ = {isa = PBXBuildFile; fileRef = F218 /* FixturePrivacyTests.swift */; };
		B219 /* sand-usage-status-with-reset.json in Resources */ = {isa = PBXBuildFile; fileRef = F219 /* sand-usage-status-with-reset.json */; };
/* End PBXBuildFile section */

/* Begin PBXContainerItemProxy section */
		P001 /* PBXContainerItemProxy */ = {
			isa = PBXContainerItemProxy;
			containerPortal = P000 /* Project object */;
			proxyType = 1;
			remoteGlobalIDString = TAPP;
			remoteInfo = AIUsagePace;
		};
/* End PBXContainerItemProxy section */

/* Begin PBXFileReference section */
		RAPP /* AIUsagePace.app */ = {isa = PBXFileReference; explicitFileType = wrapper.application; includeInIndex = 0; path = AIUsagePace.app; sourceTree = BUILT_PRODUCTS_DIR; };
		RTEST /* AIUsagePaceTests.xctest */ = {isa = PBXFileReference; explicitFileType = wrapper.cfbundle; includeInIndex = 0; path = AIUsagePaceTests.xctest; sourceTree = BUILT_PRODUCTS_DIR; };
		F101 /* UsageMenuBarApp.swift */ = {isa = PBXFileReference; lastKnownFileType = sourcecode.swift; path = UsageMenuBarApp.swift; sourceTree = "<group>"; };
		F102 /* AppError.swift */ = {isa = PBXFileReference; lastKnownFileType = sourcecode.swift; path = AppError.swift; sourceTree = "<group>"; };
		F103 /* UsageSnapshot.swift */ = {isa = PBXFileReference; lastKnownFileType = sourcecode.swift; path = UsageSnapshot.swift; sourceTree = "<group>"; };
		F104 /* UsageStats.swift */ = {isa = PBXFileReference; lastKnownFileType = sourcecode.swift; path = UsageStats.swift; sourceTree = "<group>"; };
		F105 /* UsageProvider.swift */ = {isa = PBXFileReference; lastKnownFileType = sourcecode.swift; path = UsageProvider.swift; sourceTree = "<group>"; };
		F106 /* CursorAuthReader.swift */ = {isa = PBXFileReference; lastKnownFileType = sourcecode.swift; path = CursorAuthReader.swift; sourceTree = "<group>"; };
		F107 /* CursorAPIClient.swift */ = {isa = PBXFileReference; lastKnownFileType = sourcecode.swift; path = CursorAPIClient.swift; sourceTree = "<group>"; };
		F108 /* CursorModels.swift */ = {isa = PBXFileReference; lastKnownFileType = sourcecode.swift; path = CursorModels.swift; sourceTree = "<group>"; };
		F109 /* CursorUsageMapper.swift */ = {isa = PBXFileReference; lastKnownFileType = sourcecode.swift; path = CursorUsageMapper.swift; sourceTree = "<group>"; };
		F110 /* CursorUsageProvider.swift */ = {isa = PBXFileReference; lastKnownFileType = sourcecode.swift; path = CursorUsageProvider.swift; sourceTree = "<group>"; };
		F111 /* UsageHistoryStore.swift */ = {isa = PBXFileReference; lastKnownFileType = sourcecode.swift; path = UsageHistoryStore.swift; sourceTree = "<group>"; };
		F112 /* UsageAnalytics.swift */ = {isa = PBXFileReference; lastKnownFileType = sourcecode.swift; path = UsageAnalytics.swift; sourceTree = "<group>"; };
		F113 /* RefreshService.swift */ = {isa = PBXFileReference; lastKnownFileType = sourcecode.swift; path = RefreshService.swift; sourceTree = "<group>"; };
		F114 /* MenuBarView.swift */ = {isa = PBXFileReference; lastKnownFileType = sourcecode.swift; path = MenuBarView.swift; sourceTree = "<group>"; };
		F115 /* ProviderUsageView.swift */ = {isa = PBXFileReference; lastKnownFileType = sourcecode.swift; path = ProviderUsageView.swift; sourceTree = "<group>"; };
		F116 /* SettingsView.swift */ = {isa = PBXFileReference; lastKnownFileType = sourcecode.swift; path = SettingsView.swift; sourceTree = "<group>"; };
		F117 /* HTTPClient.swift */ = {isa = PBXFileReference; lastKnownFileType = sourcecode.swift; path = HTTPClient.swift; sourceTree = "<group>"; };
		F118 /* SQLiteReadonly.swift */ = {isa = PBXFileReference; lastKnownFileType = sourcecode.swift; path = SQLiteReadonly.swift; sourceTree = "<group>"; };
		F119 /* AIUsagePace.entitlements */ = {isa = PBXFileReference; lastKnownFileType = text.plist.entitlements; path = AIUsagePace.entitlements; sourceTree = "<group>"; };
		F120 /* JWTAccessToken.swift */ = {isa = PBXFileReference; lastKnownFileType = sourcecode.swift; path = JWTAccessToken.swift; sourceTree = "<group>"; };
		F121 /* ISO8601Timestamp.swift */ = {isa = PBXFileReference; lastKnownFileType = sourcecode.swift; path = ISO8601Timestamp.swift; sourceTree = "<group>"; };
		F122 /* GrokAuthReader.swift */ = {isa = PBXFileReference; lastKnownFileType = sourcecode.swift; path = GrokAuthReader.swift; sourceTree = "<group>"; };
		F123 /* GrokAPIClient.swift */ = {isa = PBXFileReference; lastKnownFileType = sourcecode.swift; path = GrokAPIClient.swift; sourceTree = "<group>"; };
		F124 /* GrokModels.swift */ = {isa = PBXFileReference; lastKnownFileType = sourcecode.swift; path = GrokModels.swift; sourceTree = "<group>"; };
		F125 /* GrokUsageMapper.swift */ = {isa = PBXFileReference; lastKnownFileType = sourcecode.swift; path = GrokUsageMapper.swift; sourceTree = "<group>"; };
		F126 /* GrokUsageProvider.swift */ = {isa = PBXFileReference; lastKnownFileType = sourcecode.swift; path = GrokUsageProvider.swift; sourceTree = "<group>"; };
		F127 /* GrokBotAPIClient.swift */ = {isa = PBXFileReference; lastKnownFileType = sourcecode.swift; path = GrokBotAPIClient.swift; sourceTree = "<group>"; };
		F128 /* GrokBotModels.swift */ = {isa = PBXFileReference; lastKnownFileType = sourcecode.swift; path = GrokBotModels.swift; sourceTree = "<group>"; };
		F129 /* GrokBotUsageMapper.swift */ = {isa = PBXFileReference; lastKnownFileType = sourcecode.swift; path = GrokBotUsageMapper.swift; sourceTree = "<group>"; };
		F130 /* AppLanguage.swift */ = {isa = PBXFileReference; lastKnownFileType = sourcecode.swift; path = AppLanguage.swift; sourceTree = "<group>"; };
		F131 /* LanguageSettings.swift */ = {isa = PBXFileReference; lastKnownFileType = sourcecode.swift; path = LanguageSettings.swift; sourceTree = "<group>"; };
		F132 /* AppLocalization.swift */ = {isa = PBXFileReference; lastKnownFileType = sourcecode.swift; path = AppLocalization.swift; sourceTree = "<group>"; };
		F133 /* Localizable.xcstrings */ = {isa = PBXFileReference; lastKnownFileType = text.json.xcstrings; path = Localizable.xcstrings; sourceTree = "<group>"; };
		F220 /* AppLanguageTests.swift */ = {isa = PBXFileReference; lastKnownFileType = sourcecode.swift; path = AppLanguageTests.swift; sourceTree = "<group>"; };
		F201 /* CursorAuthReaderTests.swift */ = {isa = PBXFileReference; lastKnownFileType = sourcecode.swift; path = CursorAuthReaderTests.swift; sourceTree = "<group>"; };
		F202 /* RefreshServiceTests.swift */ = {isa = PBXFileReference; lastKnownFileType = sourcecode.swift; path = RefreshServiceTests.swift; sourceTree = "<group>"; };
		F203 /* HTTPClientAllowlistTests.swift */ = {isa = PBXFileReference; lastKnownFileType = sourcecode.swift; path = HTTPClientAllowlistTests.swift; sourceTree = "<group>"; };
		F204 /* CursorMapperTests.swift */ = {isa = PBXFileReference; lastKnownFileType = sourcecode.swift; path = CursorMapperTests.swift; sourceTree = "<group>"; };
		F205 /* usage-summary-pro-plus.json */ = {isa = PBXFileReference; lastKnownFileType = text.json; path = "usage-summary-pro-plus.json"; sourceTree = "<group>"; };
		F206 /* UsageSnapshotTests.swift */ = {isa = PBXFileReference; lastKnownFileType = sourcecode.swift; path = UsageSnapshotTests.swift; sourceTree = "<group>"; };
		F207 /* HistoryStoreTests.swift */ = {isa = PBXFileReference; lastKnownFileType = sourcecode.swift; path = HistoryStoreTests.swift; sourceTree = "<group>"; };
		F208 /* UsageAnalyticsTests.swift */ = {isa = PBXFileReference; lastKnownFileType = sourcecode.swift; path = UsageAnalyticsTests.swift; sourceTree = "<group>"; };
		F209 /* CursorAPIClientTests.swift */ = {isa = PBXFileReference; lastKnownFileType = sourcecode.swift; path = CursorAPIClientTests.swift; sourceTree = "<group>"; };
		F210 /* GrokAuthReaderTests.swift */ = {isa = PBXFileReference; lastKnownFileType = sourcecode.swift; path = GrokAuthReaderTests.swift; sourceTree = "<group>"; };
		F211 /* GrokMapperTests.swift */ = {isa = PBXFileReference; lastKnownFileType = sourcecode.swift; path = GrokMapperTests.swift; sourceTree = "<group>"; };
		F212 /* GrokAPIClientTests.swift */ = {isa = PBXFileReference; lastKnownFileType = sourcecode.swift; path = GrokAPIClientTests.swift; sourceTree = "<group>"; };
		F213 /* billing-credits-weekly.json */ = {isa = PBXFileReference; lastKnownFileType = text.json; path = "billing-credits-weekly.json"; sourceTree = "<group>"; };
		F214 /* sand-usage-status-subscribed.json */ = {isa = PBXFileReference; lastKnownFileType = text.json; path = "sand-usage-status-subscribed.json"; sourceTree = "<group>"; };
		F215 /* GrokBotMapperTests.swift */ = {isa = PBXFileReference; lastKnownFileType = sourcecode.swift; path = GrokBotMapperTests.swift; sourceTree = "<group>"; };
		F216 /* GrokBotAPIClientTests.swift */ = {isa = PBXFileReference; lastKnownFileType = sourcecode.swift; path = GrokBotAPIClientTests.swift; sourceTree = "<group>"; };
		F217 /* CursorUsageProviderTests.swift */ = {isa = PBXFileReference; lastKnownFileType = sourcecode.swift; path = CursorUsageProviderTests.swift; sourceTree = "<group>"; };
		F218 /* FixturePrivacyTests.swift */ = {isa = PBXFileReference; lastKnownFileType = sourcecode.swift; path = FixturePrivacyTests.swift; sourceTree = "<group>"; };
		F219 /* sand-usage-status-with-reset.json */ = {isa = PBXFileReference; lastKnownFileType = text.json; path = "sand-usage-status-with-reset.json"; sourceTree = "<group>"; };
/* End PBXFileReference section */

/* Begin PBXFrameworksBuildPhase section */
		FWAPP /* Frameworks */ = {
			isa = PBXFrameworksBuildPhase;
			buildActionMask = 2147483647;
			files = (
			);
			runOnlyForDeploymentPostprocessing = 0;
		};
		FWTEST /* Frameworks */ = {
			isa = PBXFrameworksBuildPhase;
			buildActionMask = 2147483647;
			files = (
			);
			runOnlyForDeploymentPostprocessing = 0;
		};
/* End PBXFrameworksBuildPhase section */

/* Begin PBXResourcesBuildPhase section */
		RESTEST /* Resources */ = {
			isa = PBXResourcesBuildPhase;
			buildActionMask = 2147483647;
			files = (
				B221 /* Localizable.xcstrings in Test Resources */,
				B205 /* usage-summary-pro-plus.json in Resources */,
				B213 /* billing-credits-weekly.json in Resources */,
				B214 /* sand-usage-status-subscribed.json in Resources */,
				B219 /* sand-usage-status-with-reset.json in Resources */,
			);
			runOnlyForDeploymentPostprocessing = 0;
		};
		RESAPP /* Resources */ = {
			isa = PBXResourcesBuildPhase;
			buildActionMask = 2147483647;
			files = (
				B220 /* Localizable.xcstrings in Resources */,
			);
			runOnlyForDeploymentPostprocessing = 0;
		};
/* End PBXResourcesBuildPhase section */

/* Begin PBXGroup section */
		G000 = {
			isa = PBXGroup;
			children = (
				GAPP /* AIUsagePace */,
				GTEST /* AIUsagePaceTests */,
				GPROD /* Products */,
			);
			sourceTree = "<group>";
		};
		GPROD /* Products */ = {
			isa = PBXGroup;
			children = (
				RAPP /* AIUsagePace.app */,
				RTEST /* AIUsagePaceTests.xctest */,
			);
			name = Products;
			sourceTree = "<group>";
		};
		GAPP /* AIUsagePace */ = {
			isa = PBXGroup;
			children = (
				F119 /* AIUsagePace.entitlements */,
				GAPPAPP /* App */,
				GRES /* Resources */,
				GMODELS /* Models */,
				GPROV /* Providers */,
				GSERV /* Services */,
				GVIEWS /* Views */,
				GUTIL /* Utilities */,
			);
			path = AIUsagePace;
			sourceTree = "<group>";
		};
		GAPPAPP /* App */ = {
			isa = PBXGroup;
			children = (
				F101 /* UsageMenuBarApp.swift */,
			);
			path = App;
			sourceTree = "<group>";
		};
		GRES /* Resources */ = {
			isa = PBXGroup;
			children = (
				F133 /* Localizable.xcstrings */,
			);
			path = Resources;
			sourceTree = "<group>";
		};
		GMODELS /* Models */ = {
			isa = PBXGroup;
			children = (
				F130 /* AppLanguage.swift */,
				F102 /* AppError.swift */,
				F103 /* UsageSnapshot.swift */,
				F104 /* UsageStats.swift */,
			);
			path = Models;
			sourceTree = "<group>";
		};
		GPROV /* Providers */ = {
			isa = PBXGroup;
			children = (
				F105 /* UsageProvider.swift */,
				GCURSOR /* Cursor */,
				GGROK /* Grok */,
			);
			path = Providers;
			sourceTree = "<group>";
		};
		GGROK /* Grok */ = {
			isa = PBXGroup;
			children = (
				F122 /* GrokAuthReader.swift */,
				F123 /* GrokAPIClient.swift */,
				F124 /* GrokModels.swift */,
				F125 /* GrokUsageMapper.swift */,
				F126 /* GrokUsageProvider.swift */,
			);
			path = Grok;
			sourceTree = "<group>";
		};
		GCURSOR /* Cursor */ = {
			isa = PBXGroup;
			children = (
				F106 /* CursorAuthReader.swift */,
				F107 /* CursorAPIClient.swift */,
				F108 /* CursorModels.swift */,
				F109 /* CursorUsageMapper.swift */,
				F110 /* CursorUsageProvider.swift */,
				F127 /* GrokBotAPIClient.swift */,
				F128 /* GrokBotModels.swift */,
				F129 /* GrokBotUsageMapper.swift */,
			);
			path = Cursor;
			sourceTree = "<group>";
		};
		GSERV /* Services */ = {
			isa = PBXGroup;
			children = (
				F131 /* LanguageSettings.swift */,
				F111 /* UsageHistoryStore.swift */,
				F112 /* UsageAnalytics.swift */,
				F113 /* RefreshService.swift */,
			);
			path = Services;
			sourceTree = "<group>";
		};
		GVIEWS /* Views */ = {
			isa = PBXGroup;
			children = (
				F114 /* MenuBarView.swift */,
				F115 /* ProviderUsageView.swift */,
				F116 /* SettingsView.swift */,
			);
			path = Views;
			sourceTree = "<group>";
		};
		GUTIL /* Utilities */ = {
			isa = PBXGroup;
			children = (
				F132 /* AppLocalization.swift */,
				F117 /* HTTPClient.swift */,
				F118 /* SQLiteReadonly.swift */,
				F120 /* JWTAccessToken.swift */,
				F121 /* ISO8601Timestamp.swift */,
			);
			path = Utilities;
			sourceTree = "<group>";
		};
		GTEST /* AIUsagePaceTests */ = {
			isa = PBXGroup;
			children = (
				GFIXT /* Fixtures */,
				F220 /* AppLanguageTests.swift */,
				F201 /* CursorAuthReaderTests.swift */,
				F202 /* RefreshServiceTests.swift */,
				F203 /* HTTPClientAllowlistTests.swift */,
				F204 /* CursorMapperTests.swift */,
				F206 /* UsageSnapshotTests.swift */,
				F207 /* HistoryStoreTests.swift */,
				F208 /* UsageAnalyticsTests.swift */,
				F209 /* CursorAPIClientTests.swift */,
				F210 /* GrokAuthReaderTests.swift */,
				F211 /* GrokMapperTests.swift */,
				F212 /* GrokAPIClientTests.swift */,
				F215 /* GrokBotMapperTests.swift */,
				F216 /* GrokBotAPIClientTests.swift */,
				F217 /* CursorUsageProviderTests.swift */,
				F218 /* FixturePrivacyTests.swift */,
			);
			path = AIUsagePaceTests;
			sourceTree = "<group>";
		};
		GFIXT /* Fixtures */ = {
			isa = PBXGroup;
			children = (
				F205 /* usage-summary-pro-plus.json */,
				F213 /* billing-credits-weekly.json */,
				F214 /* sand-usage-status-subscribed.json */,
				F219 /* sand-usage-status-with-reset.json */,
			);
			path = Fixtures;
			sourceTree = "<group>";
		};
/* End PBXGroup section */

/* Begin PBXNativeTarget section */
		TAPP /* AIUsagePace */ = {
			isa = PBXNativeTarget;
			buildConfigurationList = CAPP /* Build configuration list for PBXNativeTarget "AIUsagePace" */;
			buildPhases = (
				SRCAPP /* Sources */,
				FWAPP /* Frameworks */,
				RESAPP /* Resources */,
			);
			buildRules = (
			);
			dependencies = (
			);
			name = AIUsagePace;
			productName = AIUsagePace;
			productReference = RAPP /* AIUsagePace.app */;
			productType = "com.apple.product-type.application";
		};
		TTEST /* AIUsagePaceTests */ = {
			isa = PBXNativeTarget;
			buildConfigurationList = CTEST /* Build configuration list for PBXNativeTarget "AIUsagePaceTests" */;
			buildPhases = (
				SRCTEST /* Sources */,
				FWTEST /* Frameworks */,
				RESTEST /* Resources */,
			);
			buildRules = (
			);
			dependencies = (
				D001 /* PBXTargetDependency */,
			);
			name = AIUsagePaceTests;
			productName = AIUsagePaceTests;
			productReference = RTEST /* AIUsagePaceTests.xctest */;
			productType = "com.apple.product-type.bundle.unit-test";
		};
/* End PBXNativeTarget section */

/* Begin PBXProject section */
		P000 /* Project object */ = {
			isa = PBXProject;
			attributes = {
				BuildIndependentTargetsInParallel = 1;
				LastSwiftUpdateCheck = 1600;
				LastUpgradeCheck = 1600;
				TargetAttributes = {
					TAPP = {
						CreatedOnToolsVersion = 16.0;
					};
					TTEST = {
						CreatedOnToolsVersion = 16.0;
						TestTargetID = TAPP;
					};
				};
			};
			buildConfigurationList = CPROJ /* Build configuration list for PBXProject "AIUsagePace" */;
			compatibilityVersion = "Xcode 14.0";
			developmentRegion = en;
			hasScannedForEncodings = 0;
			knownRegions = (
				en,
				ko,
				Base,
			);
			mainGroup = G000;
			productRefGroup = GPROD /* Products */;
			projectDirPath = "";
			projectRoot = "";
			targets = (
				TAPP /* AIUsagePace */,
				TTEST /* AIUsagePaceTests */,
			);
		};
/* End PBXProject section */

/* Begin PBXSourcesBuildPhase section */
		SRCAPP /* Sources */ = {
			isa = PBXSourcesBuildPhase;
			buildActionMask = 2147483647;
			files = (
				B101 /* UsageMenuBarApp.swift in Sources */,
				B102 /* AppError.swift in Sources */,
				B103 /* UsageSnapshot.swift in Sources */,
				B104 /* UsageStats.swift in Sources */,
				B105 /* UsageProvider.swift in Sources */,
				B106 /* CursorAuthReader.swift in Sources */,
				B107 /* CursorAPIClient.swift in Sources */,
				B108 /* CursorModels.swift in Sources */,
				B109 /* CursorUsageMapper.swift in Sources */,
				B110 /* CursorUsageProvider.swift in Sources */,
				B111 /* UsageHistoryStore.swift in Sources */,
				B112 /* UsageAnalytics.swift in Sources */,
				B113 /* RefreshService.swift in Sources */,
				B114 /* MenuBarView.swift in Sources */,
				B115 /* ProviderUsageView.swift in Sources */,
				B116 /* SettingsView.swift in Sources */,
				B117 /* HTTPClient.swift in Sources */,
				B118 /* SQLiteReadonly.swift in Sources */,
				B120 /* JWTAccessToken.swift in Sources */,
				B121 /* ISO8601Timestamp.swift in Sources */,
				B122 /* GrokAuthReader.swift in Sources */,
				B123 /* GrokAPIClient.swift in Sources */,
				B124 /* GrokModels.swift in Sources */,
				B125 /* GrokUsageMapper.swift in Sources */,
				B126 /* GrokUsageProvider.swift in Sources */,
				B127 /* GrokBotAPIClient.swift in Sources */,
				B128 /* GrokBotModels.swift in Sources */,
				B129 /* GrokBotUsageMapper.swift in Sources */,
				B130 /* AppLanguage.swift in Sources */,
				B131 /* LanguageSettings.swift in Sources */,
				B132 /* AppLocalization.swift in Sources */,
			);
			runOnlyForDeploymentPostprocessing = 0;
		};
		SRCTEST /* Sources */ = {
			isa = PBXSourcesBuildPhase;
			buildActionMask = 2147483647;
			files = (
				B201 /* CursorAuthReaderTests.swift in Sources */,
				B202 /* RefreshServiceTests.swift in Sources */,
				B203 /* HTTPClientAllowlistTests.swift in Sources */,
				B204 /* CursorMapperTests.swift in Sources */,
				B206 /* UsageSnapshotTests.swift in Sources */,
				B207 /* HistoryStoreTests.swift in Sources */,
				B208 /* UsageAnalyticsTests.swift in Sources */,
				B209 /* CursorAPIClientTests.swift in Sources */,
				B210 /* GrokAuthReaderTests.swift in Sources */,
				B211 /* GrokMapperTests.swift in Sources */,
				B212 /* GrokAPIClientTests.swift in Sources */,
				B215 /* GrokBotMapperTests.swift in Sources */,
				B216 /* GrokBotAPIClientTests.swift in Sources */,
				B217 /* CursorUsageProviderTests.swift in Sources */,
				B218 /* FixturePrivacyTests.swift in Sources */,
				B222 /* AppLanguageTests.swift in Sources */,
			);
			runOnlyForDeploymentPostprocessing = 0;
		};
/* End PBXSourcesBuildPhase section */

/* Begin PBXTargetDependency section */
		D001 /* PBXTargetDependency */ = {
			isa = PBXTargetDependency;
			target = TAPP /* AIUsagePace */;
			targetProxy = P001 /* PBXContainerItemProxy */;
		};
/* End PBXTargetDependency section */

/* Begin XCBuildConfiguration section */
		DBGPROJ /* Debug */ = {
			isa = XCBuildConfiguration;
			buildSettings = {
				ALWAYS_SEARCH_USER_PATHS = NO;
				CLANG_ENABLE_MODULES = YES;
				CLANG_ENABLE_OBJC_ARC = YES;
				COPY_PHASE_STRIP = NO;
				DEBUG_INFORMATION_FORMAT = dwarf;
				ENABLE_TESTABILITY = YES;
				MACOSX_DEPLOYMENT_TARGET = 14.0;
				ONLY_ACTIVE_ARCH = YES;
				SDKROOT = macosx;
				SWIFT_ACTIVE_COMPILATION_CONDITIONS = DEBUG;
				SWIFT_OPTIMIZATION_LEVEL = "-Onone";
				SWIFT_VERSION = 5.0;
			};
			name = Debug;
		};
		RELPROJ /* Release */ = {
			isa = XCBuildConfiguration;
			buildSettings = {
				ALWAYS_SEARCH_USER_PATHS = NO;
				CLANG_ENABLE_MODULES = YES;
				CLANG_ENABLE_OBJC_ARC = YES;
				COPY_PHASE_STRIP = NO;
				DEBUG_INFORMATION_FORMAT = "dwarf-with-dsym";
				MACOSX_DEPLOYMENT_TARGET = 14.0;
				SDKROOT = macosx;
				SWIFT_COMPILATION_MODE = wholemodule;
				SWIFT_VERSION = 5.0;
			};
			name = Release;
		};
		DBGAPP /* Debug */ = {
			isa = XCBuildConfiguration;
			buildSettings = {
				CODE_SIGN_ENTITLEMENTS = AIUsagePace/AIUsagePace.entitlements;
				CODE_SIGN_IDENTITY = "-";
				CODE_SIGN_STYLE = Automatic;
				COMBINE_HIDPI_IMAGES = YES;
				CURRENT_PROJECT_VERSION = 1;
				ENABLE_APP_SANDBOX = NO;
				ENABLE_HARDENED_RUNTIME = NO;
				GENERATE_INFOPLIST_FILE = YES;
				INFOPLIST_KEY_CFBundleDisplayName = "Usage Pace";
				INFOPLIST_KEY_LSUIElement = YES;
				LD_RUNPATH_SEARCH_PATHS = (
					"$(inherited)",
					"@executable_path/../Frameworks",
				);
				MACOSX_DEPLOYMENT_TARGET = 14.0;
				MARKETING_VERSION = 0.1.0;
				PRODUCT_BUNDLE_IDENTIFIER = com.haegong.AIUsagePace;
				PRODUCT_NAME = "$(TARGET_NAME)";
				SWIFT_EMIT_LOC_STRINGS = YES;
			};
			name = Debug;
		};
		RELAPP /* Release */ = {
			isa = XCBuildConfiguration;
			buildSettings = {
				CODE_SIGN_ENTITLEMENTS = AIUsagePace/AIUsagePace.entitlements;
				CODE_SIGN_IDENTITY = "Developer ID Application";
				CODE_SIGN_STYLE = Manual;
				COMBINE_HIDPI_IMAGES = YES;
				CURRENT_PROJECT_VERSION = 1;
				ENABLE_APP_SANDBOX = NO;
				ENABLE_HARDENED_RUNTIME = YES;
				GENERATE_INFOPLIST_FILE = YES;
				INFOPLIST_KEY_CFBundleDisplayName = "Usage Pace";
				INFOPLIST_KEY_LSUIElement = YES;
				LD_RUNPATH_SEARCH_PATHS = (
					"$(inherited)",
					"@executable_path/../Frameworks",
				);
				MACOSX_DEPLOYMENT_TARGET = 14.0;
				MARKETING_VERSION = 0.1.0;
				PRODUCT_BUNDLE_IDENTIFIER = com.haegong.AIUsagePace;
				PRODUCT_NAME = "$(TARGET_NAME)";
				SWIFT_EMIT_LOC_STRINGS = YES;
			};
			name = Release;
		};
		DBGTEST /* Debug */ = {
			isa = XCBuildConfiguration;
			buildSettings = {
				BUNDLE_LOADER = "$(TEST_HOST)";
				CODE_SIGN_IDENTITY = "-";
				CODE_SIGN_STYLE = Automatic;
				CURRENT_PROJECT_VERSION = 1;
				GENERATE_INFOPLIST_FILE = YES;
				MACOSX_DEPLOYMENT_TARGET = 14.0;
				MARKETING_VERSION = 0.1.0;
				PRODUCT_BUNDLE_IDENTIFIER = com.haegong.AIUsagePaceTests;
				PRODUCT_NAME = "$(TARGET_NAME)";
				TEST_HOST = "$(BUILT_PRODUCTS_DIR)/AIUsagePace.app/Contents/MacOS/AIUsagePace";
			};
			name = Debug;
		};
		RELTEST /* Release */ = {
			isa = XCBuildConfiguration;
			buildSettings = {
				BUNDLE_LOADER = "$(TEST_HOST)";
				CODE_SIGN_IDENTITY = "-";
				CODE_SIGN_STYLE = Automatic;
				CURRENT_PROJECT_VERSION = 1;
				GENERATE_INFOPLIST_FILE = YES;
				MACOSX_DEPLOYMENT_TARGET = 14.0;
				MARKETING_VERSION = 0.1.0;
				PRODUCT_BUNDLE_IDENTIFIER = com.haegong.AIUsagePaceTests;
				PRODUCT_NAME = "$(TARGET_NAME)";
				TEST_HOST = "$(BUILT_PRODUCTS_DIR)/AIUsagePace.app/Contents/MacOS/AIUsagePace";
			};
			name = Release;
		};
/* End XCBuildConfiguration section */

/* Begin XCConfigurationList section */
		CAPP /* Build configuration list for PBXNativeTarget "AIUsagePace" */ = {
			isa = XCConfigurationList;
			buildConfigurations = (
				DBGAPP /* Debug */,
				RELAPP /* Release */,
			);
			defaultConfigurationIsVisible = 0;
			defaultConfigurationName = Release;
		};
		CTEST /* Build configuration list for PBXNativeTarget "AIUsagePaceTests" */ = {
			isa = XCConfigurationList;
			buildConfigurations = (
				DBGTEST /* Debug */,
				RELTEST /* Release */,
			);
			defaultConfigurationIsVisible = 0;
			defaultConfigurationName = Release;
		};
		CPROJ /* Build configuration list for PBXProject "AIUsagePace" */ = {
			isa = XCConfigurationList;
			buildConfigurations = (
				DBGPROJ /* Debug */,
				RELPROJ /* Release */,
			);
			defaultConfigurationIsVisible = 0;
			defaultConfigurationName = Release;
		};
/* End XCConfigurationList section */
	};
	rootObject = P000 /* Project object */;
}
